
Microsoft Visual Studio Solution File, Format Version 12.00
# Visual Studio 15
Project("{FAE04EC0-301F-11D3-BF4B-00C04F79EFBC}") = "VuforiaScripts", "VuforiaScripts.csproj", "{C5F377C3-861F-5138-E2CD-970E9AA1F5D5}"
EndProject
Project("{FAE04EC0-301F-11D3-BF4B-00C04F79EFBC}") = "Assembly-CSharp", "Assembly-CSharp.csproj", "{51D6BA71-35D1-82A1-153B-68A899D99298}"
EndProject
Project("{FAE04EC0-301F-11D3-BF4B-00C04F79EFBC}") = "VuforiaEditorScripts", "VuforiaEditorScripts.csproj", "{DA8B85C3-3384-74B3-B603-F6399890EAB8}"
EndProject
Global
	GlobalSection(SolutionConfigurationPlatforms) = preSolution
		Debug|Any CPU = Debug|Any CPU
		Release|Any CPU = Release|Any CPU
	EndGlobalSection
	GlobalSection(ProjectConfigurationPlatforms) = postSolution
		{C5F377C3-861F-5138-E2CD-970E9AA1F5D5}.Debug|Any CPU.ActiveCfg = Debug|Any CPU
		{C5F377C3-861F-5138-E2CD-970E9AA1F5D5}.Debug|Any CPU.Build.0 = Debug|Any CPU
		{C5F377C3-861F-5138-E2CD-970E9AA1F5D5}.Release|Any CPU.ActiveCfg = Release|Any CPU
		{C5F377C3-861F-5138-E2CD-970E9AA1F5D5}.Release|Any CPU.Build.0 = Release|Any CPU
		{51D6BA71-35D1-82A1-153B-68A899D99298}.Debug|Any CPU.ActiveCfg = Debug|Any CPU
		{51D6BA71-35D1-82A1-153B-68A899D99298}.Debug|Any CPU.Build.0 = Debug|Any CPU
		{51D6BA71-35D1-82A1-153B-68A899D99298}.Release|Any CPU.ActiveCfg = Release|Any CPU
		{51D6BA71-35D1-82A1-153B-68A899D99298}.Release|Any CPU.Build.0 = Release|Any CPU
		{DA8B85C3-3384-74B3-B603-F6399890EAB8}.Debug|Any CPU.ActiveCfg = Debug|Any CPU
		{DA8B85C3-3384-74B3-B603-F6399890EAB8}.Debug|Any CPU.Build.0 = Debug|Any CPU
		{DA8B85C3-3384-74B3-B603-F6399890EAB8}.Release|Any CPU.ActiveCfg = Release|Any CPU
		{DA8B85C3-3384-74B3-B603-F6399890EAB8}.Release|Any CPU.Build.0 = Release|Any CPU
	EndGlobalSection
	GlobalSection(SolutionProperties) = preSolution
		HideSolutionNode = FALSE
	EndGlobalSection
EndGlobal
