
Microsoft Visual Studio Solution File, Format Version 12.00
# Visual Studio 15
Project("{FAE04EC0-301F-11D3-BF4B-00C04F79EFBC}") = "Assembly-CSharp", "Assembly-CSharp.csproj", "{37A53836-43B4-7506-FC4B-B836CFD391DD}"
EndProject
Project("{FAE04EC0-301F-11D3-BF4B-00C04F79EFBC}") = "Assembly-CSharp-Editor", "Assembly-CSharp-Editor.csproj", "{CAB2FA47-A84B-EAAF-4303-03C10E753282}"
EndProject
Global
	GlobalSection(SolutionConfigurationPlatforms) = preSolution
		Debug|Any CPU = Debug|Any CPU
		Release|Any CPU = Release|Any CPU
	EndGlobalSection
	GlobalSection(ProjectConfigurationPlatforms) = postSolution
		{37A53836-43B4-7506-FC4B-B836CFD391DD}.Debug|Any CPU.ActiveCfg = Debug|Any CPU
		{37A53836-43B4-7506-FC4B-B836CFD391DD}.Debug|Any CPU.Build.0 = Debug|Any CPU
		{37A53836-43B4-7506-FC4B-B836CFD391DD}.Release|Any CPU.ActiveCfg = Release|Any CPU
		{37A53836-43B4-7506-FC4B-B836CFD391DD}.Release|Any CPU.Build.0 = Release|Any CPU
		{CAB2FA47-A84B-EAAF-4303-03C10E753282}.Debug|Any CPU.ActiveCfg = Debug|Any CPU
		{CAB2FA47-A84B-EAAF-4303-03C10E753282}.Debug|Any CPU.Build.0 = Debug|Any CPU
		{CAB2FA47-A84B-EAAF-4303-03C10E753282}.Release|Any CPU.ActiveCfg = Release|Any CPU
		{CAB2FA47-A84B-EAAF-4303-03C10E753282}.Release|Any CPU.Build.0 = Release|Any CPU
	EndGlobalSection
	GlobalSection(SolutionProperties) = preSolution
		HideSolutionNode = FALSE
	EndGlobalSection
EndGlobal
